{
  "version": "1",
  "sources": {
    "Anamnesis": {
      "type": "GitHub",
      "fetchType": "tarball",
      "frozen": true,
      "owner": "drakon64",
      "repo": "Anamnesis",
      "branch": "main",
      "revision": "22c9dc418137b40d903103eeca96f83b543d1e61",
      "url": "https://github.com/drakon64/Anamnesis/archive/22c9dc418137b40d903103eeca96f83b543d1e61.tar.gz",
      "hash": "sha256-I3otfzlZOnUgDSgdjxhovMz6Qjkjj+3h10UhsAOKSPg="
    },
    "nixpkgs": {
      "type": "GitHub",
      "fetchType": "tarball",
      "owner": "NixOS",
      "repo": "nixpkgs",
      "branch": "nixpkgs-unstable",
      "revision": "3e41b24abd260e8f71dbe2f5737d24122f972158",
      "url": "https://github.com/NixOS/nixpkgs/archive/3e41b24abd260e8f71dbe2f5737d24122f972158.tar.gz",
      "hash": "sha256-rxO+uc/KFbSJp+pgyXRuAX6QlG9hJdnt0BXpEQRXY+U="
    }
  }
}
